
Microsoft Visual Studio Solution File, Format Version 12.00
# Visual Studio Version 17
VisualStudioVersion = 17.4.33110.190
MinimumVisualStudioVersion = 10.0.40219.1
Project("{9A19103F-16F7-4668-BE54-9A1E7A4F7556}") = "AspNetMvcNews", "AspNetMvcNews\AspNetMvcNews.csproj", "{099E1CC2-00E3-4AD6-9C9C-732AD2DB1380}"
EndProject
Project("{9A19103F-16F7-4668-BE54-9A1E7A4F7556}") = "App.Web.Mvc", "App.Web.Mvc\App.Web.Mvc.csproj", "{F3841AFE-BE92-457D-84CD-2962637B273A}"
EndProject
Global
	GlobalSection(SolutionConfigurationPlatforms) = preSolution
		Debug|Any CPU = Debug|Any CPU
		Release|Any CPU = Release|Any CPU
	EndGlobalSection
	GlobalSection(ProjectConfigurationPlatforms) = postSolution
		{099E1CC2-00E3-4AD6-9C9C-732AD2DB1380}.Debug|Any CPU.ActiveCfg = Debug|Any CPU
		{099E1CC2-00E3-4AD6-9C9C-732AD2DB1380}.Debug|Any CPU.Build.0 = Debug|Any CPU
		{099E1CC2-00E3-4AD6-9C9C-732AD2DB1380}.Release|Any CPU.ActiveCfg = Release|Any CPU
		{099E1CC2-00E3-4AD6-9C9C-732AD2DB1380}.Release|Any CPU.Build.0 = Release|Any CPU
		{F3841AFE-BE92-457D-84CD-2962637B273A}.Debug|Any CPU.ActiveCfg = Debug|Any CPU
		{F3841AFE-BE92-457D-84CD-2962637B273A}.Debug|Any CPU.Build.0 = Debug|Any CPU
		{F3841AFE-BE92-457D-84CD-2962637B273A}.Release|Any CPU.ActiveCfg = Release|Any CPU
		{F3841AFE-BE92-457D-84CD-2962637B273A}.Release|Any CPU.Build.0 = Release|Any CPU
	EndGlobalSection
	GlobalSection(SolutionProperties) = preSolution
		HideSolutionNode = FALSE
	EndGlobalSection
	GlobalSection(ExtensibilityGlobals) = postSolution
		SolutionGuid = {A0783CBF-DF47-4D5A-8BFF-30B7A5B5CAA4}
	EndGlobalSection
EndGlobal
